
Microsoft Visual Studio Solution File, Format Version 12.00
# Visual Studio 15
VisualStudioVersion = 15.0.27130.2010
MinimumVisualStudioVersion = 10.0.40219.1
Project("{FAE04EC0-301F-11D3-BF4B-00C04F79EFBC}") = "ExcelToConfig", "ExcelAsConfigs\ExcelToConfig.csproj", "{EE8603C0-95F7-4DBD-9DA6-603A08CECA97}"
EndProject
Global
	GlobalSection(SolutionConfigurationPlatforms) = preSolution
		Debug|Any CPU = Debug|Any CPU
		Release|Any CPU = Release|Any CPU
	EndGlobalSection
	GlobalSection(ProjectConfigurationPlatforms) = postSolution
		{EE8603C0-95F7-4DBD-9DA6-603A08CECA97}.Debug|Any CPU.ActiveCfg = Debug|Any CPU
		{EE8603C0-95F7-4DBD-9DA6-603A08CECA97}.Debug|Any CPU.Build.0 = Debug|Any CPU
		{EE8603C0-95F7-4DBD-9DA6-603A08CECA97}.Release|Any CPU.ActiveCfg = Release|Any CPU
		{EE8603C0-95F7-4DBD-9DA6-603A08CECA97}.Release|Any CPU.Build.0 = Release|Any CPU
	EndGlobalSection
	GlobalSection(SolutionProperties) = preSolution
		HideSolutionNode = FALSE
	EndGlobalSection
	GlobalSection(ExtensibilityGlobals) = postSolution
		SolutionGuid = {6501D84B-7F0D-483A-81EF-19EC5E495F85}
	EndGlobalSection
EndGlobal
